
Microsoft Visual Studio Solution File, Format Version 12.00
# Visual Studio Version 17
VisualStudioVersion = 17.8.34309.116
MinimumVisualStudioVersion = 10.0.40219.1
Project("{FAE04EC0-301F-11D3-BF4B-00C04F79EFBC}") = "ImageToAscii", "ImageToAscii\ImageToAscii.csproj", "{DCEC1D66-C188-4668-B4C3-4396190DAB34}"
EndProject
Global
	GlobalSection(SolutionConfigurationPlatforms) = preSolution
		Debug|Any CPU = Debug|Any CPU
		Release|Any CPU = Release|Any CPU
	EndGlobalSection
	GlobalSection(ProjectConfigurationPlatforms) = postSolution
		{DCEC1D66-C188-4668-B4C3-4396190DAB34}.Debug|Any CPU.ActiveCfg = Debug|Any CPU
		{DCEC1D66-C188-4668-B4C3-4396190DAB34}.Debug|Any CPU.Build.0 = Debug|Any CPU
		{DCEC1D66-C188-4668-B4C3-4396190DAB34}.Release|Any CPU.ActiveCfg = Release|Any CPU
		{DCEC1D66-C188-4668-B4C3-4396190DAB34}.Release|Any CPU.Build.0 = Release|Any CPU
	EndGlobalSection
	GlobalSection(SolutionProperties) = preSolution
		HideSolutionNode = FALSE
	EndGlobalSection
	GlobalSection(ExtensibilityGlobals) = postSolution
		SolutionGuid = {75285B5E-D7D9-4861-9CDA-322000B30787}
	EndGlobalSection
EndGlobal
